// !$*UTF8*$!
{
	archiveVersion = 1;
	classes = {
	};
	objectVersion = 48;
	objects = {

/* Begin PBXBuildFile section */
		BD235D1F1F93C73500D37621 /* CaculatorBrain.swift in Sources */ = {isa = PBXBuildFile; fileRef = BD235D1E1F93C73500D37621 /* CaculatorBrain.swift */; };
		BD3492771FB1D32F006D8345 /* MLViewController.swift in Sources */ = {isa = PBXBuildFile; fileRef = BD3492761FB1D32F006D8345 /* MLViewController.swift */; };
		BD3684E51FB222E900FC1B5A /* GoogLeNetPlaces.mlmodel in Sources */ = {isa = PBXBuildFile; fileRef = BD3684E41FB222E900FC1B5A /* GoogLeNetPlaces.mlmodel */; };
		BD3684E71FB2265C00FC1B5A /* MobileNet.mlmodel in Sources */ = {isa = PBXBuildFile; fileRef = BD3684E61FB2265C00FC1B5A /* MobileNet.mlmodel */; };
		BD3684E91FB2D10700FC1B5A /* Resnet50.mlmodel in Sources */ = {isa = PBXBuildFile; fileRef = BD3684E81FB2D10700FC1B5A /* Resnet50.mlmodel */; };
		BD4387AC1FAF4FD0008240DF /* CurrencyViewController.swift in Sources */ = {isa = PBXBuildFile; fileRef = BD4387AB1FAF4FD0008240DF /* CurrencyViewController.swift */; };
		BD5A23021FB218640006771C /* ImageProcessor.swift in Sources */ = {isa = PBXBuildFile; fileRef = BD5A23011FB218630006771C /* ImageProcessor.swift */; };
		BD71589D1F92E1A900C55995 /* AppDelegate.swift in Sources */ = {isa = PBXBuildFile; fileRef = BD71589C1F92E1A900C55995 /* AppDelegate.swift */; };
		BD71589F1F92E1A900C55995 /* ViewController.swift in Sources */ = {isa = PBXBuildFile; fileRef = BD71589E1F92E1A900C55995 /* ViewController.swift */; };
		BD7158A21F92E1A900C55995 /* Main.storyboard in Resources */ = {isa = PBXBuildFile; fileRef = BD7158A01F92E1A900C55995 /* Main.storyboard */; };
		BD7158A41F92E1A900C55995 /* Assets.xcassets in Resources */ = {isa = PBXBuildFile; fileRef = BD7158A31F92E1A900C55995 /* Assets.xcassets */; };
		BD7158A71F92E1A900C55995 /* LaunchScreen.storyboard in Resources */ = {isa = PBXBuildFile; fileRef = BD7158A51F92E1A900C55995 /* LaunchScreen.storyboard */; };
		BDA8F2951FB3551C005328A3 /* PhotoGalleryCropping.swift in Sources */ = {isa = PBXBuildFile; fileRef = BDA8F2941FB3551C005328A3 /* PhotoGalleryCropping.swift */; };
		BDBD3E8D1FB0A16D00734EB0 /* CurrencyExchanger.swift in Sources */ = {isa = PBXBuildFile; fileRef = BDBD3E8C1FB0A16D00734EB0 /* CurrencyExchanger.swift */; };
/* End PBXBuildFile section */

/* Begin PBXFileReference section */
		BD235D1E1F93C73500D37621 /* CaculatorBrain.swift */ = {isa = PBXFileReference; lastKnownFileType = sourcecode.swift; path = CaculatorBrain.swift; sourceTree = "<group>"; };
		BD3492761FB1D32F006D8345 /* MLViewController.swift */ = {isa = PBXFileReference; lastKnownFileType = sourcecode.swift; path = MLViewController.swift; sourceTree = "<group>"; };
		BD3684E41FB222E900FC1B5A /* GoogLeNetPlaces.mlmodel */ = {isa = PBXFileReference; lastKnownFileType = file.mlmodel; path = GoogLeNetPlaces.mlmodel; sourceTree = "<group>"; };
		BD3684E61FB2265C00FC1B5A /* MobileNet.mlmodel */ = {isa = PBXFileReference; lastKnownFileType = file.mlmodel; path = MobileNet.mlmodel; sourceTree = "<group>"; };
		BD3684E81FB2D10700FC1B5A /* Resnet50.mlmodel */ = {isa = PBXFileReference; lastKnownFileType = file.mlmodel; path = Resnet50.mlmodel; sourceTree = "<group>"; };
		BD4387AB1FAF4FD0008240DF /* CurrencyViewController.swift */ = {isa = PBXFileReference; lastKnownFileType = sourcecode.swift; path = CurrencyViewController.swift; sourceTree = "<group>"; };
		BD5A23011FB218630006771C /* ImageProcessor.swift */ = {isa = PBXFileReference; lastKnownFileType = sourcecode.swift; path = ImageProcessor.swift; sourceTree = "<group>"; };
		BD7158991F92E1A900C55995 /* Caculator_Final.app */ = {isa = PBXFileReference; explicitFileType = wrapper.application; includeInIndex = 0; path = Caculator_Final.app; sourceTree = BUILT_PRODUCTS_DIR; };
		BD71589C1F92E1A900C55995 /* AppDelegate.swift */ = {isa = PBXFileReference; lastKnownFileType = sourcecode.swift; path = AppDelegate.swift; sourceTree = "<group>"; };
		BD71589E1F92E1A900C55995 /* ViewController.swift */ = {isa = PBXFileReference; lastKnownFileType = sourcecode.swift; path = ViewController.swift; sourceTree = "<group>"; };
		BD7158A11F92E1A900C55995 /* Base */ = {isa = PBXFileReference; lastKnownFileType = file.storyboard; name = Base; path = Base.lproj/Main.storyboard; sourceTree = "<group>"; };
		BD7158A31F92E1A900C55995 /* Assets.xcassets */ = {isa = PBXFileReference; lastKnownFileType = folder.assetcatalog; path = Assets.xcassets; sourceTree = "<group>"; };
		BD7158A61F92E1A900C55995 /* Base */ = {isa = PBXFileReference; lastKnownFileType = file.storyboard; name = Base; path = Base.lproj/LaunchScreen.storyboard; sourceTree = "<group>"; };
		BD7158A81F92E1A900C55995 /* Info.plist */ = {isa = PBXFileReference; lastKnownFileType = text.plist.xml; path = Info.plist; sourceTree = "<group>"; };
		BDA8F2941FB3551C005328A3 /* PhotoGalleryCropping.swift */ = {isa = PBXFileReference; fileEncoding = 4; lastKnownFileType = sourcecode.swift; path = PhotoGalleryCropping.swift; sourceTree = "<group>"; };
		BDBD3E8C1FB0A16D00734EB0 /* CurrencyExchanger.swift */ = {isa = PBXFileReference; lastKnownFileType = sourcecode.swift; path = CurrencyExchanger.swift; sourceTree = "<group>"; };
/* End PBXFileReference section */

/* Begin PBXFrameworksBuildPhase section */
		BD7158961F92E1A900C55995 /* Frameworks */ = {
			isa = PBXFrameworksBuildPhase;
			buildActionMask = 2147483647;
			files = (
			);
			runOnlyForDeploymentPostprocessing = 0;
		};
/* End PBXFrameworksBuildPhase section */

/* Begin PBXGroup section */
		BD7158901F92E1A900C55995 = {
			isa = PBXGroup;
			children = (
				BD71589B1F92E1A900C55995 /* Caculator_Final */,
				BD71589A1F92E1A900C55995 /* Products */,
			);
			sourceTree = "<group>";
		};
		BD71589A1F92E1A900C55995 /* Products */ = {
			isa = PBXGroup;
			children = (
				BD7158991F92E1A900C55995 /* Caculator_Final.app */,
			);
			name = Products;
			sourceTree = "<group>";
		};
		BD71589B1F92E1A900C55995 /* Caculator_Final */ = {
			isa = PBXGroup;
			children = (
				BDA8F2941FB3551C005328A3 /* PhotoGalleryCropping.swift */,
				BD3684E81FB2D10700FC1B5A /* Resnet50.mlmodel */,
				BD3684E61FB2265C00FC1B5A /* MobileNet.mlmodel */,
				BD3684E41FB222E900FC1B5A /* GoogLeNetPlaces.mlmodel */,
				BD71589C1F92E1A900C55995 /* AppDelegate.swift */,
				BD71589E1F92E1A900C55995 /* ViewController.swift */,
				BD7158A01F92E1A900C55995 /* Main.storyboard */,
				BD7158A31F92E1A900C55995 /* Assets.xcassets */,
				BD7158A51F92E1A900C55995 /* LaunchScreen.storyboard */,
				BD7158A81F92E1A900C55995 /* Info.plist */,
				BD235D1E1F93C73500D37621 /* CaculatorBrain.swift */,
				BD4387AB1FAF4FD0008240DF /* CurrencyViewController.swift */,
				BDBD3E8C1FB0A16D00734EB0 /* CurrencyExchanger.swift */,
				BD3492761FB1D32F006D8345 /* MLViewController.swift */,
				BD5A23011FB218630006771C /* ImageProcessor.swift */,
			);
			path = Caculator_Final;
			sourceTree = "<group>";
		};
/* End PBXGroup section */

/* Begin PBXNativeTarget section */
		BD7158981F92E1A900C55995 /* Caculator_Final */ = {
			isa = PBXNativeTarget;
			buildConfigurationList = BD7158AB1F92E1A900C55995 /* Build configuration list for PBXNativeTarget "Caculator_Final" */;
			buildPhases = (
				BD7158951F92E1A900C55995 /* Sources */,
				BD7158961F92E1A900C55995 /* Frameworks */,
				BD7158971F92E1A900C55995 /* Resources */,
			);
			buildRules = (
			);
			dependencies = (
			);
			name = Caculator_Final;
			productName = Caculator_Final;
			productReference = BD7158991F92E1A900C55995 /* Caculator_Final.app */;
			productType = "com.apple.product-type.application";
		};
/* End PBXNativeTarget section */

/* Begin PBXProject section */
		BD7158911F92E1A900C55995 /* Project object */ = {
			isa = PBXProject;
			attributes = {
				LastSwiftUpdateCheck = 0900;
				LastUpgradeCheck = 0900;
				ORGANIZATIONNAME = EIE;
				TargetAttributes = {
					BD7158981F92E1A900C55995 = {
						CreatedOnToolsVersion = 9.0;
						ProvisioningStyle = Automatic;
					};
				};
			};
			buildConfigurationList = BD7158941F92E1A900C55995 /* Build configuration list for PBXProject "Caculator_Final" */;
			compatibilityVersion = "Xcode 8.0";
			developmentRegion = en;
			hasScannedForEncodings = 0;
			knownRegions = (
				en,
				Base,
			);
			mainGroup = BD7158901F92E1A900C55995;
			productRefGroup = BD71589A1F92E1A900C55995 /* Products */;
			projectDirPath = "";
			projectRoot = "";
			targets = (
				BD7158981F92E1A900C55995 /* Caculator_Final */,
			);
		};
/* End PBXProject section */

/* Begin PBXResourcesBuildPhase section */
		BD7158971F92E1A900C55995 /* Resources */ = {
			isa = PBXResourcesBuildPhase;
			buildActionMask = 2147483647;
			files = (
				BD7158A71F92E1A900C55995 /* LaunchScreen.storyboard in Resources */,
				BD7158A41F92E1A900C55995 /* Assets.xcassets in Resources */,
				BD7158A21F92E1A900C55995 /* Main.storyboard in Resources */,
			);
			runOnlyForDeploymentPostprocessing = 0;
		};
/* End PBXResourcesBuildPhase section */

/* Begin PBXSourcesBuildPhase section */
		BD7158951F92E1A900C55995 /* Sources */ = {
			isa = PBXSourcesBuildPhase;
			buildActionMask = 2147483647;
			files = (
				BD3684E91FB2D10700FC1B5A /* Resnet50.mlmodel in Sources */,
				BD235D1F1F93C73500D37621 /* CaculatorBrain.swift in Sources */,
				BD4387AC1FAF4FD0008240DF /* CurrencyViewController.swift in Sources */,
				BD3684E71FB2265C00FC1B5A /* MobileNet.mlmodel in Sources */,
				BD5A23021FB218640006771C /* ImageProcessor.swift in Sources */,
				BD3684E51FB222E900FC1B5A /* GoogLeNetPlaces.mlmodel in Sources */,
				BD71589F1F92E1A900C55995 /* ViewController.swift in Sources */,
				BD3492771FB1D32F006D8345 /* MLViewController.swift in Sources */,
				BDBD3E8D1FB0A16D00734EB0 /* CurrencyExchanger.swift in Sources */,
				BD71589D1F92E1A900C55995 /* AppDelegate.swift in Sources */,
				BDA8F2951FB3551C005328A3 /* PhotoGalleryCropping.swift in Sources */,
			);
			runOnlyForDeploymentPostprocessing = 0;
		};
/* End PBXSourcesBuildPhase section */

/* Begin PBXVariantGroup section */
		BD7158A01F92E1A900C55995 /* Main.storyboard */ = {
			isa = PBXVariantGroup;
			children = (
				BD7158A11F92E1A900C55995 /* Base */,
			);
			name = Main.storyboard;
			sourceTree = "<group>";
		};
		BD7158A51F92E1A900C55995 /* LaunchScreen.storyboard */ = {
			isa = PBXVariantGroup;
			children = (
				BD7158A61F92E1A900C55995 /* Base */,
			);
			name = LaunchScreen.storyboard;
			sourceTree = "<group>";
		};
/* End PBXVariantGroup section */

/* Begin XCBuildConfiguration section */
		BD7158A91F92E1A900C55995 /* Debug */ = {
			isa = XCBuildConfiguration;
			buildSettings = {
				ALWAYS_SEARCH_USER_PATHS = NO;
				CLANG_ANALYZER_NONNULL = YES;
				CLANG_ANALYZER_NUMBER_OBJECT_CONVERSION = YES_AGGRESSIVE;
				CLANG_CXX_LANGUAGE_STANDARD = "gnu++14";
				CLANG_CXX_LIBRARY = "libc++";
				CLANG_ENABLE_MODULES = YES;
				CLANG_ENABLE_OBJC_ARC = YES;
				CLANG_WARN_BLOCK_CAPTURE_AUTORELEASING = YES;
				CLANG_WARN_BOOL_CONVERSION = YES;
				CLANG_WARN_COMMA = YES;
				CLANG_WARN_CONSTANT_CONVERSION = YES;
				CLANG_WARN_DIRECT_OBJC_ISA_USAGE = YES_ERROR;
				CLANG_WARN_DOCUMENTATION_COMMENTS = YES;
				CLANG_WARN_EMPTY_BODY = YES;
				CLANG_WARN_ENUM_CONVERSION = YES;
				CLANG_WARN_INFINITE_RECURSION = YES;
				CLANG_WARN_INT_CONVERSION = YES;
				CLANG_WARN_NON_LITERAL_NULL_CONVERSION = YES;
				CLANG_WARN_OBJC_LITERAL_CONVERSION = YES;
				CLANG_WARN_OBJC_ROOT_CLASS = YES_ERROR;
				CLANG_WARN_RANGE_LOOP_ANALYSIS = YES;
				CLANG_WARN_STRICT_PROTOTYPES = YES;
				CLANG_WARN_SUSPICIOUS_MOVE = YES;
				CLANG_WARN_UNGUARDED_AVAILABILITY = YES_AGGRESSIVE;
				CLANG_WARN_UNREACHABLE_CODE = YES;
				CLANG_WARN__DUPLICATE_METHOD_MATCH = YES;
				CODE_SIGN_IDENTITY = "iPhone Developer";
				COPY_PHASE_STRIP = NO;
				DEBUG_INFORMATION_FORMAT = dwarf;
				ENABLE_STRICT_OBJC_MSGSEND = YES;
				ENABLE_TESTABILITY = YES;
				GCC_C_LANGUAGE_STANDARD = gnu11;
				GCC_DYNAMIC_NO_PIC = NO;
				GCC_NO_COMMON_BLOCKS = YES;
				GCC_OPTIMIZATION_LEVEL = 0;
				GCC_PREPROCESSOR_DEFINITIONS = (
					"DEBUG=1",
					"$(inherited)",
				);
				GCC_WARN_64_TO_32_BIT_CONVERSION = YES;
				GCC_WARN_ABOUT_RETURN_TYPE = YES_ERROR;
				GCC_WARN_UNDECLARED_SELECTOR = YES;
				GCC_WARN_UNINITIALIZED_AUTOS = YES_AGGRESSIVE;
				GCC_WARN_UNUSED_FUNCTION = YES;
				GCC_WARN_UNUSED_VARIABLE = YES;
				IPHONEOS_DEPLOYMENT_TARGET = 11.0;
				MTL_ENABLE_DEBUG_INFO = YES;
				ONLY_ACTIVE_ARCH = YES;
				SDKROOT = iphoneos;
				SWIFT_ACTIVE_COMPILATION_CONDITIONS = DEBUG;
				SWIFT_OPTIMIZATION_LEVEL = "-Onone";
			};
			name = Debug;
		};
		BD7158AA1F92E1A900C55995 /* Release */ = {
			isa = XCBuildConfiguration;
			buildSettings = {
				ALWAYS_SEARCH_USER_PATHS = NO;
				CLANG_ANALYZER_NONNULL = YES;
				CLANG_ANALYZER_NUMBER_OBJECT_CONVERSION = YES_AGGRESSIVE;
				CLANG_CXX_LANGUAGE_STANDARD = "gnu++14";
				CLANG_CXX_LIBRARY = "libc++";
				CLANG_ENABLE_MODULES = YES;
				CLANG_ENABLE_OBJC_ARC = YES;
				CLANG_WARN_BLOCK_CAPTURE_AUTORELEASING = YES;
				CLANG_WARN_BOOL_CONVERSION = YES;
				CLANG_WARN_COMMA = YES;
				CLANG_WARN_CONSTANT_CONVERSION = YES;
				CLANG_WARN_DIRECT_OBJC_ISA_USAGE = YES_ERROR;
				CLANG_WARN_DOCUMENTATION_COMMENTS = YES;
				CLANG_WARN_EMPTY_BODY = YES;
				CLANG_WARN_ENUM_CONVERSION = YES;
				CLANG_WARN_INFINITE_RECURSION = YES;
				CLANG_WARN_INT_CONVERSION = YES;
				CLANG_WARN_NON_LITERAL_NULL_CONVERSION = YES;
				CLANG_WARN_OBJC_LITERAL_CONVERSION = YES;
				CLANG_WARN_OBJC_ROOT_CLASS = YES_ERROR;
				CLANG_WARN_RANGE_LOOP_ANALYSIS = YES;
				CLANG_WARN_STRICT_PROTOTYPES = YES;
				CLANG_WARN_SUSPICIOUS_MOVE = YES;
				CLANG_WARN_UNGUARDED_AVAILABILITY = YES_AGGRESSIVE;
				CLANG_WARN_UNREACHABLE_CODE = YES;
				CLANG_WARN__DUPLICATE_METHOD_MATCH = YES;
				CODE_SIGN_IDENTITY = "iPhone Developer";
				COPY_PHASE_STRIP = NO;
				DEBUG_INFORMATION_FORMAT = "dwarf-with-dsym";
				ENABLE_NS_ASSERTIONS = NO;
				ENABLE_STRICT_OBJC_MSGSEND = YES;
				GCC_C_LANGUAGE_STANDARD = gnu11;
				GCC_NO_COMMON_BLOCKS = YES;
				GCC_WARN_64_TO_32_BIT_CONVERSION = YES;
				GCC_WARN_ABOUT_RETURN_TYPE = YES_ERROR;
				GCC_WARN_UNDECLARED_SELECTOR = YES;
				GCC_WARN_UNINITIALIZED_AUTOS = YES_AGGRESSIVE;
				GCC_WARN_UNUSED_FUNCTION = YES;
				GCC_WARN_UNUSED_VARIABLE = YES;
				IPHONEOS_DEPLOYMENT_TARGET = 11.0;
				MTL_ENABLE_DEBUG_INFO = NO;
				SDKROOT = iphoneos;
				SWIFT_OPTIMIZATION_LEVEL = "-Owholemodule";
				VALIDATE_PRODUCT = YES;
			};
			name = Release;
		};
		BD7158AC1F92E1A900C55995 /* Debug */ = {
			isa = XCBuildConfiguration;
			buildSettings = {
				ASSETCATALOG_COMPILER_APPICON_NAME = AppIcon;
				CODE_SIGN_STYLE = Automatic;
				DEVELOPMENT_TEAM = 6SD6S75P97;
				INFOPLIST_FILE = Caculator_Final/Info.plist;
				LD_RUNPATH_SEARCH_PATHS = "$(inherited) @executable_path/Frameworks";
				PRODUCT_BUNDLE_IDENTIFIER = "hk.edu.polyu.eie.EIE3109.17014888x.Caculator-Final";
				PRODUCT_NAME = "$(TARGET_NAME)";
				SWIFT_VERSION = 4.0;
				TARGETED_DEVICE_FAMILY = "1,2";
			};
			name = Debug;
		};
		BD7158AD1F92E1A900C55995 /* Release */ = {
			isa = XCBuildConfiguration;
			buildSettings = {
				ASSETCATALOG_COMPILER_APPICON_NAME = AppIcon;
				CODE_SIGN_STYLE = Automatic;
				DEVELOPMENT_TEAM = 6SD6S75P97;
				INFOPLIST_FILE = Caculator_Final/Info.plist;
				LD_RUNPATH_SEARCH_PATHS = "$(inherited) @executable_path/Frameworks";
				PRODUCT_BUNDLE_IDENTIFIER = "hk.edu.polyu.eie.EIE3109.17014888x.Caculator-Final";
				PRODUCT_NAME = "$(TARGET_NAME)";
				SWIFT_VERSION = 4.0;
				TARGETED_DEVICE_FAMILY = "1,2";
			};
			name = Release;
		};
/* End XCBuildConfiguration section */

/* Begin XCConfigurationList section */
		BD7158941F92E1A900C55995 /* Build configuration list for PBXProject "Caculator_Final" */ = {
			isa = XCConfigurationList;
			buildConfigurations = (
				BD7158A91F92E1A900C55995 /* Debug */,
				BD7158AA1F92E1A900C55995 /* Release */,
			);
			defaultConfigurationIsVisible = 0;
			defaultConfigurationName = Release;
		};
		BD7158AB1F92E1A900C55995 /* Build configuration list for PBXNativeTarget "Caculator_Final" */ = {
			isa = XCConfigurationList;
			buildConfigurations = (
				BD7158AC1F92E1A900C55995 /* Debug */,
				BD7158AD1F92E1A900C55995 /* Release */,
			);
			defaultConfigurationIsVisible = 0;
			defaultConfigurationName = Release;
		};
/* End XCConfigurationList section */
	};
	rootObject = BD7158911F92E1A900C55995 /* Project object */;
}
